
Microsoft Visual Studio Solution File, Format Version 12.00
# Visual Studio Version 16
VisualStudioVersion = 16.0.30503.244
MinimumVisualStudioVersion = 10.0.40219.1
Project("{9A19103F-16F7-4668-BE54-9A1E7A4F7556}") = "Hackathon", "Hackathon.csproj", "{532A2F8C-4AF9-417D-BA20-5F2AA4F35C8B}"
EndProject
Global
	GlobalSection(SolutionConfigurationPlatforms) = preSolution
		Debug|Any CPU = Debug|Any CPU
		Debug|x64 = Debug|x64
		Release|Any CPU = Release|Any CPU
		Release|x64 = Release|x64
	EndGlobalSection
	GlobalSection(ProjectConfigurationPlatforms) = postSolution
		{532A2F8C-4AF9-417D-BA20-5F2AA4F35C8B}.Debug|Any CPU.ActiveCfg = Debug|x64
		{532A2F8C-4AF9-417D-BA20-5F2AA4F35C8B}.Debug|Any CPU.Build.0 = Debug|x64
		{532A2F8C-4AF9-417D-BA20-5F2AA4F35C8B}.Debug|x64.ActiveCfg = Debug|x64
		{532A2F8C-4AF9-417D-BA20-5F2AA4F35C8B}.Debug|x64.Build.0 = Debug|x64
		{532A2F8C-4AF9-417D-BA20-5F2AA4F35C8B}.Release|Any CPU.ActiveCfg = Release|Any CPU
		{532A2F8C-4AF9-417D-BA20-5F2AA4F35C8B}.Release|Any CPU.Build.0 = Release|Any CPU
		{532A2F8C-4AF9-417D-BA20-5F2AA4F35C8B}.Release|x64.ActiveCfg = Release|x64
		{532A2F8C-4AF9-417D-BA20-5F2AA4F35C8B}.Release|x64.Build.0 = Release|x64
	EndGlobalSection
	GlobalSection(SolutionProperties) = preSolution
		HideSolutionNode = FALSE
	EndGlobalSection
	GlobalSection(ExtensibilityGlobals) = postSolution
		SolutionGuid = {F011D686-9095-4E05-B004-648290EE35D3}
	EndGlobalSection
EndGlobal
